
Microsoft Visual Studio Solution File, Format Version 12.00
# Visual Studio Version 17
VisualStudioVersion = 17.9.34607.119
MinimumVisualStudioVersion = 10.0.40219.1
Project("{FAE04EC0-301F-11D3-BF4B-00C04F79EFBC}") = "ForTelegram", "ForTelegram\ForTelegram.csproj", "{E2A4C831-29A5-49C5-9D88-543195AD46CB}"
EndProject
Global
	GlobalSection(SolutionConfigurationPlatforms) = preSolution
		Debug|Any CPU = Debug|Any CPU
		Release|Any CPU = Release|Any CPU
	EndGlobalSection
	GlobalSection(ProjectConfigurationPlatforms) = postSolution
		{E2A4C831-29A5-49C5-9D88-543195AD46CB}.Debug|Any CPU.ActiveCfg = Debug|Any CPU
		{E2A4C831-29A5-49C5-9D88-543195AD46CB}.Debug|Any CPU.Build.0 = Debug|Any CPU
		{E2A4C831-29A5-49C5-9D88-543195AD46CB}.Release|Any CPU.ActiveCfg = Release|Any CPU
		{E2A4C831-29A5-49C5-9D88-543195AD46CB}.Release|Any CPU.Build.0 = Release|Any CPU
	EndGlobalSection
	GlobalSection(SolutionProperties) = preSolution
		HideSolutionNode = FALSE
	EndGlobalSection
	GlobalSection(ExtensibilityGlobals) = postSolution
		SolutionGuid = {9AD17110-74F5-4A7F-B86B-486F538E4902}
	EndGlobalSection
EndGlobal
